<?xml version="1.0" encoding="utf-8"?>
<Project ToolsVersion="4.0" xmlns="http://schemas.microsoft.com/developer/msbuild/2003">
  <ItemGroup>
    <Filter Include="Source Files">
      <UniqueIdentifier>{4FC737F1-C7A5-4376-A066-2A32D752A2FF}</UniqueIdentifier>
      <Extensions>cpp;c;cc;cxx;c++;cppm;ixx;def;odl;idl;hpj;bat;asm;asmx</Extensions>
    </Filter>
    <Filter Include="Header Files">
      <UniqueIdentifier>{93995380-89BD-4b04-88EB-625FBE52EBFB}</UniqueIdentifier>
      <Extensions>h;hh;hpp;hxx;h++;hm;inl;inc;ipp;xsd</Extensions>
    </Filter>
    <Filter Include="Resource Files">
      <UniqueIdentifier>{67DA6AB6-F800-4c08-8B7A-83BB121AAD01}</UniqueIdentifier>
      <Extensions>rc;ico;cur;bmp;dlg;rc2;rct;bin;rgs;gif;jpg;jpeg;jpe;resx;tiff;tif;png;wav;mfcribbon-ms</Extensions>
    </Filter>
    <Filter Include="Header Files\ThirdParty">
      <UniqueIdentifier>{71bfee3f-93a0-4c26-a901-715f74f1f2d3}</UniqueIdentifier>
    </Filter>
    <Filter Include="Resource Files\ThirdParty">
      <UniqueIdentifier>{1bb2f77a-bf45-4bf5-b704-f813245220ed}</UniqueIdentifier>
    </Filter>
    <Filter Include="Source Files\ThirdParty">
      <UniqueIdentifier>{7bb9fd96-850a-4362-b3b9-b4fd6a86c8ba}</UniqueIdentifier>
    </Filter>
    <Filter Include="Header Files\ThirdParty\earcut">
      <UniqueIdentifier>{08c03081-e13e-402f-84c0-db6a4eef7931}</UniqueIdentifier>
    </Filter>
    <Filter Include="Source Files\ThirdParty\earcut">
      <UniqueIdentifier>{caf58fbf-e706-4f65-89c1-12dabe17b4db}</UniqueIdentifier>
    </Filter>
    <Filter Include="Header Files\core">
      <UniqueIdentifier>{a16f5493-93dc-4fa9-92db-4591bd9a001b}</UniqueIdentifier>
    </Filter>
    <Filter Include="Source Files\core">
      <UniqueIdentifier>{a59e23d1-a968-4ad3-9de8-9f895995d94b}</UniqueIdentifier>
    </Filter>
    <Filter Include="Source Files\experimental">
      <UniqueIdentifier>{80573da8-ce24-4cda-9b68-63f109ab23c7}</UniqueIdentifier>
    </Filter>
    <Filter Include="Header Files\experimental">
      <UniqueIdentifier>{f031448a-173e-4b0e-b3b4-e8e595416230}</UniqueIdentifier>
    </Filter>
    <Filter Include="Header Files\deprecated">
      <UniqueIdentifier>{02456d5e-1eeb-4a8e-b29c-16d25acaf4a3}</UniqueIdentifier>
    </Filter>
  </ItemGroup>
  <ItemGroup>
    <ClInclude Include="earcut.hpp">
      <Filter>Header Files\ThirdParty\earcut</Filter>
    </ClInclude>
    <ClInclude Include="tt_cgmath.h">
      <Filter>Header Files</Filter>
    </ClInclude>
    <ClInclude Include="tt_orbit_camera.h">
      <Filter>Header Files</Filter>
    </ClInclude>
    <ClInclude Include="tt_signals.h">
      <Filter>Header Files</Filter>
    </ClInclude>
    <ClInclude Include="tt_window.h">
      <Filter>Header Files</Filter>
    </ClInclude>
    <ClInclude Include="tt_json5.h">
      <Filter>Header Files</Filter>
    </ClInclude>
    <ClInclude Include="tt_math.h">
      <Filter>Header Files</Filter>
    </ClInclude>
    <ClInclude Include="tt_files.h">
      <Filter>Header Files\core</Filter>
    </ClInclude>
    <ClInclude Include="tt_messages.h">
      <Filter>Header Files\core</Filter>
    </ClInclude>
    <ClInclude Include="tt_strings.h">
      <Filter>Header Files\core</Filter>
    </ClInclude>
    <ClInclude Include="tt_ui.h">
      <Filter>Header Files\experimental</Filter>
    </ClInclude>
    <ClInclude Include="tt_components.h">
      <Filter>Header Files\experimental</Filter>
    </ClInclude>
    <ClInclude Include="windont.h">
      <Filter>Header Files\core</Filter>
    </ClInclude>
    <ClInclude Include="tt_json.h">
      <Filter>Header Files\deprecated</Filter>
    </ClInclude>
    <ClInclude Include="tt_numerictypes.h">
      <Filter>Header Files\core</Filter>
    </ClInclude>
  </ItemGroup>
  <ItemGroup>
    <Text Include="eartcut_LICENSE.txt">
      <Filter>Resource Files\ThirdParty</Filter>
    </Text>
  </ItemGroup>
  <ItemGroup>
    <None Include="README.md">
      <Filter>Resource Files</Filter>
    </None>
    <None Include="LICENSE">
      <Filter>Resource Files</Filter>
    </None>
  </ItemGroup>
  <ItemGroup>
    <ClCompile Include="earcut.cpp">
      <Filter>Source Files\ThirdParty\earcut</Filter>
    </ClCompile>
    <ClCompile Include="tt_cgmath.cpp">
      <Filter>Source Files</Filter>
    </ClCompile>
    <ClCompile Include="tt_orbit_camera.cpp">
      <Filter>Source Files</Filter>
    </ClCompile>
    <ClCompile Include="tt_signals.cpp">
      <Filter>Source Files</Filter>
    </ClCompile>
    <ClCompile Include="tt_window.cpp">
      <Filter>Source Files</Filter>
    </ClCompile>
    <ClCompile Include="tt_json5.cpp">
      <Filter>Source Files</Filter>
    </ClCompile>
    <ClCompile Include="tt_math.cpp">
      <Filter>Source Files</Filter>
    </ClCompile>
    <ClCompile Include="tt_files.cpp">
      <Filter>Source Files\core</Filter>
    </ClCompile>
    <ClCompile Include="tt_strings.cpp">
      <Filter>Source Files\core</Filter>
    </ClCompile>
    <ClCompile Include="tt_messages.cpp">
      <Filter>Source Files\core</Filter>
    </ClCompile>
    <ClCompile Include="tt_ui.cpp">
      <Filter>Source Files\experimental</Filter>
    </ClCompile>
    <ClCompile Include="tt_components.cpp">
      <Filter>Source Files\experimental</Filter>
    </ClCompile>
  </ItemGroup>
</Project>